
Microsoft Visual Studio Solution File, Format Version 12.00
# Visual Studio 15
VisualStudioVersion = 15.0.28307.168
MinimumVisualStudioVersion = 10.0.40219.1
Project("{FAE04EC0-301F-11D3-BF4B-00C04F79EFBC}") = "DatabaseProject", "DatabaseProject\DatabaseProject.csproj", "{C9AB71D8-92BE-4649-9AF0-1D7DED957D5E}"
EndProject
Global
	GlobalSection(SolutionConfigurationPlatforms) = preSolution
		Debug|Any CPU = Debug|Any CPU
		Release|Any CPU = Release|Any CPU
	EndGlobalSection
	GlobalSection(ProjectConfigurationPlatforms) = postSolution
		{C9AB71D8-92BE-4649-9AF0-1D7DED957D5E}.Debug|Any CPU.ActiveCfg = Debug|Any CPU
		{C9AB71D8-92BE-4649-9AF0-1D7DED957D5E}.Debug|Any CPU.Build.0 = Debug|Any CPU
		{C9AB71D8-92BE-4649-9AF0-1D7DED957D5E}.Release|Any CPU.ActiveCfg = Release|Any CPU
		{C9AB71D8-92BE-4649-9AF0-1D7DED957D5E}.Release|Any CPU.Build.0 = Release|Any CPU
	EndGlobalSection
	GlobalSection(SolutionProperties) = preSolution
		HideSolutionNode = FALSE
	EndGlobalSection
	GlobalSection(ExtensibilityGlobals) = postSolution
		SolutionGuid = {0F96A0EB-0008-4022-8F0B-562C7D7595E6}
	EndGlobalSection
EndGlobal
